
Microsoft Visual Studio Solution File, Format Version 12.00
# Visual Studio 14
VisualStudioVersion = 14.0.25123.0
MinimumVisualStudioVersion = 10.0.40219.1
Project("{FAE04EC0-301F-11D3-BF4B-00C04F79EFBC}") = "Kalkulator.Maly", "Kalkulator.Maly\Kalkulator.Maly.csproj", "{C8410609-D4F0-45F8-A114-DCC4B8BA1AE6}"
EndProject
Global
	GlobalSection(SolutionConfigurationPlatforms) = preSolution
		Debug|Any CPU = Debug|Any CPU
		Release|Any CPU = Release|Any CPU
	EndGlobalSection
	GlobalSection(ProjectConfigurationPlatforms) = postSolution
		{C8410609-D4F0-45F8-A114-DCC4B8BA1AE6}.Debug|Any CPU.ActiveCfg = Debug|Any CPU
		{C8410609-D4F0-45F8-A114-DCC4B8BA1AE6}.Debug|Any CPU.Build.0 = Debug|Any CPU
		{C8410609-D4F0-45F8-A114-DCC4B8BA1AE6}.Release|Any CPU.ActiveCfg = Release|Any CPU
		{C8410609-D4F0-45F8-A114-DCC4B8BA1AE6}.Release|Any CPU.Build.0 = Release|Any CPU
	EndGlobalSection
	GlobalSection(SolutionProperties) = preSolution
		HideSolutionNode = FALSE
	EndGlobalSection
EndGlobal
